// !$*UTF8*$!
{
	archiveVersion = 1;
	classes = {
	};
	objectVersion = 46;
	objects = {

/* Begin PBXBuildFile section */
		9F74F5D81CFD96B900AD8712 /* AppDelegate.swift in Sources */ = {isa = PBXBuildFile; fileRef = 9F74F5D71CFD96B900AD8712 /* AppDelegate.swift */; };
		9F74F5DA1CFD96B900AD8712 /* ViewController.swift in Sources */ = {isa = PBXBuildFile; fileRef = 9F74F5D91CFD96B900AD8712 /* ViewController.swift */; };
		9F74F5DD1CFD96B900AD8712 /* Main.storyboard in Resources */ = {isa = PBXBuildFile; fileRef = 9F74F5DB1CFD96B900AD8712 /* Main.storyboard */; };
		9F74F5DF1CFD96B900AD8712 /* Assets.xcassets in Resources */ = {isa = PBXBuildFile; fileRef = 9F74F5DE1CFD96B900AD8712 /* Assets.xcassets */; };
		9F74F5E21CFD96B900AD8712 /* LaunchScreen.storyboard in Resources */ = {isa = PBXBuildFile; fileRef = 9F74F5E01CFD96B900AD8712 /* LaunchScreen.storyboard */; };
		9F74F5ED1CFD96B900AD8712 /* todotodayTests.swift in Sources */ = {isa = PBXBuildFile; fileRef = 9F74F5EC1CFD96B900AD8712 /* todotodayTests.swift */; };
		9F74F5F81CFD96B900AD8712 /* todotodayUITests.swift in Sources */ = {isa = PBXBuildFile; fileRef = 9F74F5F71CFD96B900AD8712 /* todotodayUITests.swift */; };
/* End PBXBuildFile section */

/* Begin PBXContainerItemProxy section */
		9F74F5E91CFD96B900AD8712 /* PBXContainerItemProxy */ = {
			isa = PBXContainerItemProxy;
			containerPortal = 9F74F5CC1CFD96B900AD8712 /* Project object */;
			proxyType = 1;
			remoteGlobalIDString = 9F74F5D31CFD96B900AD8712;
			remoteInfo = todotoday;
		};
		9F74F5F41CFD96B900AD8712 /* PBXContainerItemProxy */ = {
			isa = PBXContainerItemProxy;
			containerPortal = 9F74F5CC1CFD96B900AD8712 /* Project object */;
			proxyType = 1;
			remoteGlobalIDString = 9F74F5D31CFD96B900AD8712;
			remoteInfo = todotoday;
		};
/* End PBXContainerItemProxy section */

/* Begin PBXFileReference section */
		9F74F5D41CFD96B900AD8712 /* todotoday.app */ = {isa = PBXFileReference; explicitFileType = wrapper.application; includeInIndex = 0; path = todotoday.app; sourceTree = BUILT_PRODUCTS_DIR; };
		9F74F5D71CFD96B900AD8712 /* AppDelegate.swift */ = {isa = PBXFileReference; lastKnownFileType = sourcecode.swift; path = AppDelegate.swift; sourceTree = "<group>"; };
		9F74F5D91CFD96B900AD8712 /* ViewController.swift */ = {isa = PBXFileReference; lastKnownFileType = sourcecode.swift; path = ViewController.swift; sourceTree = "<group>"; };
		9F74F5DC1CFD96B900AD8712 /* Base */ = {isa = PBXFileReference; lastKnownFileType = file.storyboard; name = Base; path = Base.lproj/Main.storyboard; sourceTree = "<group>"; };
		9F74F5DE1CFD96B900AD8712 /* Assets.xcassets */ = {isa = PBXFileReference; lastKnownFileType = folder.assetcatalog; path = Assets.xcassets; sourceTree = "<group>"; };
		9F74F5E11CFD96B900AD8712 /* Base */ = {isa = PBXFileReference; lastKnownFileType = file.storyboard; name = Base; path = Base.lproj/LaunchScreen.storyboard; sourceTree = "<group>"; };
		9F74F5E31CFD96B900AD8712 /* Info.plist */ = {isa = PBXFileReference; lastKnownFileType = text.plist.xml; path = Info.plist; sourceTree = "<group>"; };
		9F74F5E81CFD96B900AD8712 /* todotodayTests.xctest */ = {isa = PBXFileReference; explicitFileType = wrapper.cfbundle; includeInIndex = 0; path = todotodayTests.xctest; sourceTree = BUILT_PRODUCTS_DIR; };
		9F74F5EC1CFD96B900AD8712 /* todotodayTests.swift */ = {isa = PBXFileReference; lastKnownFileType = sourcecode.swift; path = todotodayTests.swift; sourceTree = "<group>"; };
		9F74F5EE1CFD96B900AD8712 /* Info.plist */ = {isa = PBXFileReference; lastKnownFileType = text.plist.xml; path = Info.plist; sourceTree = "<group>"; };
		9F74F5F31CFD96B900AD8712 /* todotodayUITests.xctest */ = {isa = PBXFileReference; explicitFileType = wrapper.cfbundle; includeInIndex = 0; path = todotodayUITests.xctest; sourceTree = BUILT_PRODUCTS_DIR; };
		9F74F5F71CFD96B900AD8712 /* todotodayUITests.swift */ = {isa = PBXFileReference; lastKnownFileType = sourcecode.swift; path = todotodayUITests.swift; sourceTree = "<group>"; };
		9F74F5F91CFD96B900AD8712 /* Info.plist */ = {isa = PBXFileReference; lastKnownFileType = text.plist.xml; path = Info.plist; sourceTree = "<group>"; };
/* End PBXFileReference section */

/* Begin PBXFrameworksBuildPhase section */
		9F74F5D11CFD96B900AD8712 /* Frameworks */ = {
			isa = PBXFrameworksBuildPhase;
			buildActionMask = 2147483647;
			files = (
			);
			runOnlyForDeploymentPostprocessing = 0;
		};
		9F74F5E51CFD96B900AD8712 /* Frameworks */ = {
			isa = PBXFrameworksBuildPhase;
			buildActionMask = 2147483647;
			files = (
			);
			runOnlyForDeploymentPostprocessing = 0;
		};
		9F74F5F01CFD96B900AD8712 /* Frameworks */ = {
			isa = PBXFrameworksBuildPhase;
			buildActionMask = 2147483647;
			files = (
			);
			runOnlyForDeploymentPostprocessing = 0;
		};
/* End PBXFrameworksBuildPhase section */

/* Begin PBXGroup section */
		9F74F5CB1CFD96B900AD8712 = {
			isa = PBXGroup;
			children = (
				9F74F5D61CFD96B900AD8712 /* todotoday */,
				9F74F5EB1CFD96B900AD8712 /* todotodayTests */,
				9F74F5F61CFD96B900AD8712 /* todotodayUITests */,
				9F74F5D51CFD96B900AD8712 /* Products */,
			);
			sourceTree = "<group>";
		};
		9F74F5D51CFD96B900AD8712 /* Products */ = {
			isa = PBXGroup;
			children = (
				9F74F5D41CFD96B900AD8712 /* todotoday.app */,
				9F74F5E81CFD96B900AD8712 /* todotodayTests.xctest */,
				9F74F5F31CFD96B900AD8712 /* todotodayUITests.xctest */,
			);
			name = Products;
			sourceTree = "<group>";
		};
		9F74F5D61CFD96B900AD8712 /* todotoday */ = {
			isa = PBXGroup;
			children = (
				9F74F5D71CFD96B900AD8712 /* AppDelegate.swift */,
				9F74F5D91CFD96B900AD8712 /* ViewController.swift */,
				9F74F5DB1CFD96B900AD8712 /* Main.storyboard */,
				9F74F5DE1CFD96B900AD8712 /* Assets.xcassets */,
				9F74F5E01CFD96B900AD8712 /* LaunchScreen.storyboard */,
				9F74F5E31CFD96B900AD8712 /* Info.plist */,
			);
			path = todotoday;
			sourceTree = "<group>";
		};
		9F74F5EB1CFD96B900AD8712 /* todotodayTests */ = {
			isa = PBXGroup;
			children = (
				9F74F5EC1CFD96B900AD8712 /* todotodayTests.swift */,
				9F74F5EE1CFD96B900AD8712 /* Info.plist */,
			);
			path = todotodayTests;
			sourceTree = "<group>";
		};
		9F74F5F61CFD96B900AD8712 /* todotodayUITests */ = {
			isa = PBXGroup;
			children = (
				9F74F5F71CFD96B900AD8712 /* todotodayUITests.swift */,
				9F74F5F91CFD96B900AD8712 /* Info.plist */,
			);
			path = todotodayUITests;
			sourceTree = "<group>";
		};
/* End PBXGroup section */

/* Begin PBXNativeTarget section */
		9F74F5D31CFD96B900AD8712 /* todotoday */ = {
			isa = PBXNativeTarget;
			buildConfigurationList = 9F74F5FC1CFD96B900AD8712 /* Build configuration list for PBXNativeTarget "todotoday" */;
			buildPhases = (
				9F74F5D01CFD96B900AD8712 /* Sources */,
				9F74F5D11CFD96B900AD8712 /* Frameworks */,
				9F74F5D21CFD96B900AD8712 /* Resources */,
			);
			buildRules = (
			);
			dependencies = (
			);
			name = todotoday;
			productName = todotoday;
			productReference = 9F74F5D41CFD96B900AD8712 /* todotoday.app */;
			productType = "com.apple.product-type.application";
		};
		9F74F5E71CFD96B900AD8712 /* todotodayTests */ = {
			isa = PBXNativeTarget;
			buildConfigurationList = 9F74F5FF1CFD96B900AD8712 /* Build configuration list for PBXNativeTarget "todotodayTests" */;
			buildPhases = (
				9F74F5E41CFD96B900AD8712 /* Sources */,
				9F74F5E51CFD96B900AD8712 /* Frameworks */,
				9F74F5E61CFD96B900AD8712 /* Resources */,
			);
			buildRules = (
			);
			dependencies = (
				9F74F5EA1CFD96B900AD8712 /* PBXTargetDependency */,
			);
			name = todotodayTests;
			productName = todotodayTests;
			productReference = 9F74F5E81CFD96B900AD8712 /* todotodayTests.xctest */;
			productType = "com.apple.product-type.bundle.unit-test";
		};
		9F74F5F21CFD96B900AD8712 /* todotodayUITests */ = {
			isa = PBXNativeTarget;
			buildConfigurationList = 9F74F6021CFD96B900AD8712 /* Build configuration list for PBXNativeTarget "todotodayUITests" */;
			buildPhases = (
				9F74F5EF1CFD96B900AD8712 /* Sources */,
				9F74F5F01CFD96B900AD8712 /* Frameworks */,
				9F74F5F11CFD96B900AD8712 /* Resources */,
			);
			buildRules = (
			);
			dependencies = (
				9F74F5F51CFD96B900AD8712 /* PBXTargetDependency */,
			);
			name = todotodayUITests;
			productName = todotodayUITests;
			productReference = 9F74F5F31CFD96B900AD8712 /* todotodayUITests.xctest */;
			productType = "com.apple.product-type.bundle.ui-testing";
		};
/* End PBXNativeTarget section */

/* Begin PBXProject section */
		9F74F5CC1CFD96B900AD8712 /* Project object */ = {
			isa = PBXProject;
			attributes = {
				LastSwiftUpdateCheck = 0730;
				LastUpgradeCheck = 0730;
				ORGANIZATIONNAME = "田中 颯";
				TargetAttributes = {
					9F74F5D31CFD96B900AD8712 = {
						CreatedOnToolsVersion = 7.3.1;
					};
					9F74F5E71CFD96B900AD8712 = {
						CreatedOnToolsVersion = 7.3.1;
						TestTargetID = 9F74F5D31CFD96B900AD8712;
					};
					9F74F5F21CFD96B900AD8712 = {
						CreatedOnToolsVersion = 7.3.1;
						TestTargetID = 9F74F5D31CFD96B900AD8712;
					};
				};
			};
			buildConfigurationList = 9F74F5CF1CFD96B900AD8712 /* Build configuration list for PBXProject "todotoday" */;
			compatibilityVersion = "Xcode 3.2";
			developmentRegion = English;
			hasScannedForEncodings = 0;
			knownRegions = (
				en,
				Base,
			);
			mainGroup = 9F74F5CB1CFD96B900AD8712;
			productRefGroup = 9F74F5D51CFD96B900AD8712 /* Products */;
			projectDirPath = "";
			projectRoot = "";
			targets = (
				9F74F5D31CFD96B900AD8712 /* todotoday */,
				9F74F5E71CFD96B900AD8712 /* todotodayTests */,
				9F74F5F21CFD96B900AD8712 /* todotodayUITests */,
			);
		};
/* End PBXProject section */

/* Begin PBXResourcesBuildPhase section */
		9F74F5D21CFD96B900AD8712 /* Resources */ = {
			isa = PBXResourcesBuildPhase;
			buildActionMask = 2147483647;
			files = (
				9F74F5E21CFD96B900AD8712 /* LaunchScreen.storyboard in Resources */,
				9F74F5DF1CFD96B900AD8712 /* Assets.xcassets in Resources */,
				9F74F5DD1CFD96B900AD8712 /* Main.storyboard in Resources */,
			);
			runOnlyForDeploymentPostprocessing = 0;
		};
		9F74F5E61CFD96B900AD8712 /* Resources */ = {
			isa = PBXResourcesBuildPhase;
			buildActionMask = 2147483647;
			files = (
			);
			runOnlyForDeploymentPostprocessing = 0;
		};
		9F74F5F11CFD96B900AD8712 /* Resources */ = {
			isa = PBXResourcesBuildPhase;
			buildActionMask = 2147483647;
			files = (
			);
			runOnlyForDeploymentPostprocessing = 0;
		};
/* End PBXResourcesBuildPhase section */

/* Begin PBXSourcesBuildPhase section */
		9F74F5D01CFD96B900AD8712 /* Sources */ = {
			isa = PBXSourcesBuildPhase;
			buildActionMask = 2147483647;
			files = (
				9F74F5DA1CFD96B900AD8712 /* ViewController.swift in Sources */,
				9F74F5D81CFD96B900AD8712 /* AppDelegate.swift in Sources */,
			);
			runOnlyForDeploymentPostprocessing = 0;
		};
		9F74F5E41CFD96B900AD8712 /* Sources */ = {
			isa = PBXSourcesBuildPhase;
			buildActionMask = 2147483647;
			files = (
				9F74F5ED1CFD96B900AD8712 /* todotodayTests.swift in Sources */,
			);
			runOnlyForDeploymentPostprocessing = 0;
		};
		9F74F5EF1CFD96B900AD8712 /* Sources */ = {
			isa = PBXSourcesBuildPhase;
			buildActionMask = 2147483647;
			files = (
				9F74F5F81CFD96B900AD8712 /* todotodayUITests.swift in Sources */,
			);
			runOnlyForDeploymentPostprocessing = 0;
		};
/* End PBXSourcesBuildPhase section */

/* Begin PBXTargetDependency section */
		9F74F5EA1CFD96B900AD8712 /* PBXTargetDependency */ = {
			isa = PBXTargetDependency;
			target = 9F74F5D31CFD96B900AD8712 /* todotoday */;
			targetProxy = 9F74F5E91CFD96B900AD8712 /* PBXContainerItemProxy */;
		};
		9F74F5F51CFD96B900AD8712 /* PBXTargetDependency */ = {
			isa = PBXTargetDependency;
			target = 9F74F5D31CFD96B900AD8712 /* todotoday */;
			targetProxy = 9F74F5F41CFD96B900AD8712 /* PBXContainerItemProxy */;
		};
/* End PBXTargetDependency section */

/* Begin PBXVariantGroup section */
		9F74F5DB1CFD96B900AD8712 /* Main.storyboard */ = {
			isa = PBXVariantGroup;
			children = (
				9F74F5DC1CFD96B900AD8712 /* Base */,
			);
			name = Main.storyboard;
			sourceTree = "<group>";
		};
		9F74F5E01CFD96B900AD8712 /* LaunchScreen.storyboard */ = {
			isa = PBXVariantGroup;
			children = (
				9F74F5E11CFD96B900AD8712 /* Base */,
			);
			name = LaunchScreen.storyboard;
			sourceTree = "<group>";
		};
/* End PBXVariantGroup section */

/* Begin XCBuildConfiguration section */
		9F74F5FA1CFD96B900AD8712 /* Debug */ = {
			isa = XCBuildConfiguration;
			buildSettings = {
				ALWAYS_SEARCH_USER_PATHS = NO;
				CLANG_ANALYZER_NONNULL = YES;
				CLANG_CXX_LANGUAGE_STANDARD = "gnu++0x";
				CLANG_CXX_LIBRARY = "libc++";
				CLANG_ENABLE_MODULES = YES;
				CLANG_ENABLE_OBJC_ARC = YES;
				CLANG_WARN_BOOL_CONVERSION = YES;
				CLANG_WARN_CONSTANT_CONVERSION = YES;
				CLANG_WARN_DIRECT_OBJC_ISA_USAGE = YES_ERROR;
				CLANG_WARN_EMPTY_BODY = YES;
				CLANG_WARN_ENUM_CONVERSION = YES;
				CLANG_WARN_INT_CONVERSION = YES;
				CLANG_WARN_OBJC_ROOT_CLASS = YES_ERROR;
				CLANG_WARN_UNREACHABLE_CODE = YES;
				CLANG_WARN__DUPLICATE_METHOD_MATCH = YES;
				"CODE_SIGN_IDENTITY[sdk=iphoneos*]" = "iPhone Developer";
				COPY_PHASE_STRIP = NO;
				DEBUG_INFORMATION_FORMAT = dwarf;
				ENABLE_STRICT_OBJC_MSGSEND = YES;
				ENABLE_TESTABILITY = YES;
				GCC_C_LANGUAGE_STANDARD = gnu99;
				GCC_DYNAMIC_NO_PIC = NO;
				GCC_NO_COMMON_BLOCKS = YES;
				GCC_OPTIMIZATION_LEVEL = 0;
				GCC_PREPROCESSOR_DEFINITIONS = (
					"DEBUG=1",
					"$(inherited)",
				);
				GCC_WARN_64_TO_32_BIT_CONVERSION = YES;
				GCC_WARN_ABOUT_RETURN_TYPE = YES_ERROR;
				GCC_WARN_UNDECLARED_SELECTOR = YES;
				GCC_WARN_UNINITIALIZED_AUTOS = YES_AGGRESSIVE;
				GCC_WARN_UNUSED_FUNCTION = YES;
				GCC_WARN_UNUSED_VARIABLE = YES;
				IPHONEOS_DEPLOYMENT_TARGET = 9.3;
				MTL_ENABLE_DEBUG_INFO = YES;
				ONLY_ACTIVE_ARCH = YES;
				SDKROOT = iphoneos;
				SWIFT_OPTIMIZATION_LEVEL = "-Onone";
			};
			name = Debug;
		};
		9F74F5FB1CFD96B900AD8712 /* Release */ = {
			isa = XCBuildConfiguration;
			buildSettings = {
				ALWAYS_SEARCH_USER_PATHS = NO;
				CLANG_ANALYZER_NONNULL = YES;
				CLANG_CXX_LANGUAGE_STANDARD = "gnu++0x";
				CLANG_CXX_LIBRARY = "libc++";
				CLANG_ENABLE_MODULES = YES;
				CLANG_ENABLE_OBJC_ARC = YES;
				CLANG_WARN_BOOL_CONVERSION = YES;
				CLANG_WARN_CONSTANT_CONVERSION = YES;
				CLANG_WARN_DIRECT_OBJC_ISA_USAGE = YES_ERROR;
				CLANG_WARN_EMPTY_BODY = YES;
				CLANG_WARN_ENUM_CONVERSION = YES;
				CLANG_WARN_INT_CONVERSION = YES;
				CLANG_WARN_OBJC_ROOT_CLASS = YES_ERROR;
				CLANG_WARN_UNREACHABLE_CODE = YES;
				CLANG_WARN__DUPLICATE_METHOD_MATCH = YES;
				"CODE_SIGN_IDENTITY[sdk=iphoneos*]" = "iPhone Developer";
				COPY_PHASE_STRIP = NO;
				DEBUG_INFORMATION_FORMAT = "dwarf-with-dsym";
				ENABLE_NS_ASSERTIONS = NO;
				ENABLE_STRICT_OBJC_MSGSEND = YES;
				GCC_C_LANGUAGE_STANDARD = gnu99;
				GCC_NO_COMMON_BLOCKS = YES;
				GCC_WARN_64_TO_32_BIT_CONVERSION = YES;
				GCC_WARN_ABOUT_RETURN_TYPE = YES_ERROR;
				GCC_WARN_UNDECLARED_SELECTOR = YES;
				GCC_WARN_UNINITIALIZED_AUTOS = YES_AGGRESSIVE;
				GCC_WARN_UNUSED_FUNCTION = YES;
				GCC_WARN_UNUSED_VARIABLE = YES;
				IPHONEOS_DEPLOYMENT_TARGET = 9.3;
				MTL_ENABLE_DEBUG_INFO = NO;
				SDKROOT = iphoneos;
				VALIDATE_PRODUCT = YES;
			};
			name = Release;
		};
		9F74F5FD1CFD96B900AD8712 /* Debug */ = {
			isa = XCBuildConfiguration;
			buildSettings = {
				ASSETCATALOG_COMPILER_APPICON_NAME = AppIcon;
				INFOPLIST_FILE = todotoday/Info.plist;
				LD_RUNPATH_SEARCH_PATHS = "$(inherited) @executable_path/Frameworks";
				PRODUCT_BUNDLE_IDENTIFIER = com.lit.todotoday;
				PRODUCT_NAME = "$(TARGET_NAME)";
			};
			name = Debug;
		};
		9F74F5FE1CFD96B900AD8712 /* Release */ = {
			isa = XCBuildConfiguration;
			buildSettings = {
				ASSETCATALOG_COMPILER_APPICON_NAME = AppIcon;
				INFOPLIST_FILE = todotoday/Info.plist;
				LD_RUNPATH_SEARCH_PATHS = "$(inherited) @executable_path/Frameworks";
				PRODUCT_BUNDLE_IDENTIFIER = com.lit.todotoday;
				PRODUCT_NAME = "$(TARGET_NAME)";
			};
			name = Release;
		};
		9F74F6001CFD96B900AD8712 /* Debug */ = {
			isa = XCBuildConfiguration;
			buildSettings = {
				BUNDLE_LOADER = "$(TEST_HOST)";
				INFOPLIST_FILE = todotodayTests/Info.plist;
				LD_RUNPATH_SEARCH_PATHS = "$(inherited) @executable_path/Frameworks @loader_path/Frameworks";
				PRODUCT_BUNDLE_IDENTIFIER = com.lit.todotodayTests;
				PRODUCT_NAME = "$(TARGET_NAME)";
				TEST_HOST = "$(BUILT_PRODUCTS_DIR)/todotoday.app/todotoday";
			};
			name = Debug;
		};
		9F74F6011CFD96B900AD8712 /* Release */ = {
			isa = XCBuildConfiguration;
			buildSettings = {
				BUNDLE_LOADER = "$(TEST_HOST)";
				INFOPLIST_FILE = todotodayTests/Info.plist;
				LD_RUNPATH_SEARCH_PATHS = "$(inherited) @executable_path/Frameworks @loader_path/Frameworks";
				PRODUCT_BUNDLE_IDENTIFIER = com.lit.todotodayTests;
				PRODUCT_NAME = "$(TARGET_NAME)";
				TEST_HOST = "$(BUILT_PRODUCTS_DIR)/todotoday.app/todotoday";
			};
			name = Release;
		};
		9F74F6031CFD96B900AD8712 /* Debug */ = {
			isa = XCBuildConfiguration;
			buildSettings = {
				INFOPLIST_FILE = todotodayUITests/Info.plist;
				LD_RUNPATH_SEARCH_PATHS = "$(inherited) @executable_path/Frameworks @loader_path/Frameworks";
				PRODUCT_BUNDLE_IDENTIFIER = com.lit.todotodayUITests;
				PRODUCT_NAME = "$(TARGET_NAME)";
				TEST_TARGET_NAME = todotoday;
			};
			name = Debug;
		};
		9F74F6041CFD96B900AD8712 /* Release */ = {
			isa = XCBuildConfiguration;
			buildSettings = {
				INFOPLIST_FILE = todotodayUITests/Info.plist;
				LD_RUNPATH_SEARCH_PATHS = "$(inherited) @executable_path/Frameworks @loader_path/Frameworks";
				PRODUCT_BUNDLE_IDENTIFIER = com.lit.todotodayUITests;
				PRODUCT_NAME = "$(TARGET_NAME)";
				TEST_TARGET_NAME = todotoday;
			};
			name = Release;
		};
/* End XCBuildConfiguration section */

/* Begin XCConfigurationList section */
		9F74F5CF1CFD96B900AD8712 /* Build configuration list for PBXProject "todotoday" */ = {
			isa = XCConfigurationList;
			buildConfigurations = (
				9F74F5FA1CFD96B900AD8712 /* Debug */,
				9F74F5FB1CFD96B900AD8712 /* Release */,
			);
			defaultConfigurationIsVisible = 0;
			defaultConfigurationName = Release;
		};
		9F74F5FC1CFD96B900AD8712 /* Build configuration list for PBXNativeTarget "todotoday" */ = {
			isa = XCConfigurationList;
			buildConfigurations = (
				9F74F5FD1CFD96B900AD8712 /* Debug */,
				9F74F5FE1CFD96B900AD8712 /* Release */,
			);
			defaultConfigurationIsVisible = 0;
		};
		9F74F5FF1CFD96B900AD8712 /* Build configuration list for PBXNativeTarget "todotodayTests" */ = {
			isa = XCConfigurationList;
			buildConfigurations = (
				9F74F6001CFD96B900AD8712 /* Debug */,
				9F74F6011CFD96B900AD8712 /* Release */,
			);
			defaultConfigurationIsVisible = 0;
		};
		9F74F6021CFD96B900AD8712 /* Build configuration list for PBXNativeTarget "todotodayUITests" */ = {
			isa = XCConfigurationList;
			buildConfigurations = (
				9F74F6031CFD96B900AD8712 /* Debug */,
				9F74F6041CFD96B900AD8712 /* Release */,
			);
			defaultConfigurationIsVisible = 0;
		};
/* End XCConfigurationList section */
	};
	rootObject = 9F74F5CC1CFD96B900AD8712 /* Project object */;
}
